
Microsoft Visual Studio Solution File, Format Version 12.00
# Visual Studio Version 17
VisualStudioVersion = 17.3.32922.545
MinimumVisualStudioVersion = 10.0.40219.1
Project("{FAE04EC0-301F-11D3-BF4B-00C04F79EFBC}") = "ContactListManagement.Web", "ContactListManagement.Web\ContactListManagement.Web.csproj", "{D6CA4F2D-3CCB-427C-8C0E-6EBB3EE32B8D}"
EndProject
Project("{FAE04EC0-301F-11D3-BF4B-00C04F79EFBC}") = "ContactListManagement.Core", "ContactListManagement.Core\ContactListManagement.Core.csproj", "{6367EBC7-E6DC-4451-A34C-B579518C4CBF}"
EndProject
Project("{FAE04EC0-301F-11D3-BF4B-00C04F79EFBC}") = "ContactListManagement.Infrastructure", "ContactListManagement.Infrastructure\ContactListManagement.Infrastructure.csproj", "{C2DF8764-0901-4CEB-AE2D-CBC6FC7CF97B}"
EndProject
Project("{FAE04EC0-301F-11D3-BF4B-00C04F79EFBC}") = "ContactListManagement.API", "ContactListManagement.API\ContactListManagement.API.csproj", "{57927178-C27E-481A-BF92-B3CB1A59C3DA}"
EndProject
Global
	GlobalSection(SolutionConfigurationPlatforms) = preSolution
		Debug|Any CPU = Debug|Any CPU
		Release|Any CPU = Release|Any CPU
	EndGlobalSection
	GlobalSection(ProjectConfigurationPlatforms) = postSolution
		{D6CA4F2D-3CCB-427C-8C0E-6EBB3EE32B8D}.Debug|Any CPU.ActiveCfg = Debug|Any CPU
		{D6CA4F2D-3CCB-427C-8C0E-6EBB3EE32B8D}.Debug|Any CPU.Build.0 = Debug|Any CPU
		{D6CA4F2D-3CCB-427C-8C0E-6EBB3EE32B8D}.Release|Any CPU.ActiveCfg = Release|Any CPU
		{D6CA4F2D-3CCB-427C-8C0E-6EBB3EE32B8D}.Release|Any CPU.Build.0 = Release|Any CPU
		{6367EBC7-E6DC-4451-A34C-B579518C4CBF}.Debug|Any CPU.ActiveCfg = Debug|Any CPU
		{6367EBC7-E6DC-4451-A34C-B579518C4CBF}.Debug|Any CPU.Build.0 = Debug|Any CPU
		{6367EBC7-E6DC-4451-A34C-B579518C4CBF}.Release|Any CPU.ActiveCfg = Release|Any CPU
		{6367EBC7-E6DC-4451-A34C-B579518C4CBF}.Release|Any CPU.Build.0 = Release|Any CPU
		{C2DF8764-0901-4CEB-AE2D-CBC6FC7CF97B}.Debug|Any CPU.ActiveCfg = Debug|Any CPU
		{C2DF8764-0901-4CEB-AE2D-CBC6FC7CF97B}.Debug|Any CPU.Build.0 = Debug|Any CPU
		{C2DF8764-0901-4CEB-AE2D-CBC6FC7CF97B}.Release|Any CPU.ActiveCfg = Release|Any CPU
		{C2DF8764-0901-4CEB-AE2D-CBC6FC7CF97B}.Release|Any CPU.Build.0 = Release|Any CPU
		{57927178-C27E-481A-BF92-B3CB1A59C3DA}.Debug|Any CPU.ActiveCfg = Debug|Any CPU
		{57927178-C27E-481A-BF92-B3CB1A59C3DA}.Debug|Any CPU.Build.0 = Debug|Any CPU
		{57927178-C27E-481A-BF92-B3CB1A59C3DA}.Release|Any CPU.ActiveCfg = Release|Any CPU
		{57927178-C27E-481A-BF92-B3CB1A59C3DA}.Release|Any CPU.Build.0 = Release|Any CPU
	EndGlobalSection
	GlobalSection(SolutionProperties) = preSolution
		HideSolutionNode = FALSE
	EndGlobalSection
	GlobalSection(ExtensibilityGlobals) = postSolution
		SolutionGuid = {79371D4F-487F-4B90-8080-2E7967C05FB7}
	EndGlobalSection
EndGlobal
